// !$*UTF8*$!
{
	archiveVersion = 1;
	classes = {
	};
	objectVersion = 55;
	objects = {

/* Begin PBXBuildFile section */
		5873E3A02ADB190200F51501 /* AppDelegate.swift in Sources */ = {isa = PBXBuildFile; fileRef = 5873E39F2ADB190200F51501 /* AppDelegate.swift */; };
		5873E3A22ADB190200F51501 /* SceneDelegate.swift in Sources */ = {isa = PBXBuildFile; fileRef = 5873E3A12ADB190200F51501 /* SceneDelegate.swift */; };
		5873E3A92ADB190600F51501 /* Assets.xcassets in Resources */ = {isa = PBXBuildFile; fileRef = 5873E3A82ADB190600F51501 /* Assets.xcassets */; };
		5873E3AC2ADB190600F51501 /* LaunchScreen.storyboard in Resources */ = {isa = PBXBuildFile; fileRef = 5873E3AA2ADB190600F51501 /* LaunchScreen.storyboard */; };
		5873E3D82ADEEA7B00F51501 /* FontExtansion.swift in Sources */ = {isa = PBXBuildFile; fileRef = 5873E3D72ADEEA7B00F51501 /* FontExtansion.swift */; };
		D80C90AF2ADEF3E200C9873C /* Montserrat-Regular.ttf in Resources */ = {isa = PBXBuildFile; fileRef = D80C90A92ADEF3E200C9873C /* Montserrat-Regular.ttf */; };
		D80C90B02ADEF3E200C9873C /* Montserrat-Medium.ttf in Resources */ = {isa = PBXBuildFile; fileRef = D80C90AA2ADEF3E200C9873C /* Montserrat-Medium.ttf */; };
		D80C90B22ADEF3E200C9873C /* Montserrat-SemiBold.ttf in Resources */ = {isa = PBXBuildFile; fileRef = D80C90AC2ADEF3E200C9873C /* Montserrat-SemiBold.ttf */; };
		D80C90B32ADEF3E200C9873C /* Montserrat-Light.ttf in Resources */ = {isa = PBXBuildFile; fileRef = D80C90AD2ADEF3E200C9873C /* Montserrat-Light.ttf */; };
		D80C90B42ADEF3E200C9873C /* Montserrat-Bold.ttf in Resources */ = {isa = PBXBuildFile; fileRef = D80C90AE2ADEF3E200C9873C /* Montserrat-Bold.ttf */; };
		D80C90B72ADF01FF00C9873C /* ListMenuTableView.swift in Sources */ = {isa = PBXBuildFile; fileRef = D80C90B62ADF01FF00C9873C /* ListMenuTableView.swift */; };
		D80C90BA2ADF024100C9873C /* ListMenuTableViewCell.swift in Sources */ = {isa = PBXBuildFile; fileRef = D80C90B92ADF024100C9873C /* ListMenuTableViewCell.swift */; };
		D84297942ADBDEB7006D6B06 /* SideMenuViewController.swift in Sources */ = {isa = PBXBuildFile; fileRef = D84297932ADBDEB7006D6B06 /* SideMenuViewController.swift */; };
		D84297962ADBF79B006D6B06 /* PositionSelectionViewController.swift in Sources */ = {isa = PBXBuildFile; fileRef = D84297952ADBF79B006D6B06 /* PositionSelectionViewController.swift */; };
		D84297992ADC1E65006D6B06 /* Extansions.swift in Sources */ = {isa = PBXBuildFile; fileRef = D84297982ADC1E65006D6B06 /* Extansions.swift */; };
		D842979F2ADC312A006D6B06 /* AnimalCollectionViewCell.swift in Sources */ = {isa = PBXBuildFile; fileRef = D842979E2ADC312A006D6B06 /* AnimalCollectionViewCell.swift */; };
		D84297A22ADC31E3006D6B06 /* ListAnimansCollectionView.swift in Sources */ = {isa = PBXBuildFile; fileRef = D84297A12ADC31E3006D6B06 /* ListAnimansCollectionView.swift */; };
		D86EA8842ADBCAE900B8D961 /* Podfile in Resources */ = {isa = PBXBuildFile; fileRef = D86EA8832ADBCAE900B8D961 /* Podfile */; };
		D86EA8882ADBD10300B8D961 /* MainViewController.swift in Sources */ = {isa = PBXBuildFile; fileRef = D86EA8872ADBD10300B8D961 /* MainViewController.swift */; };
		D86EADA72AE043C900FB19B6 /* CustomTabBarControllerViewController.swift in Sources */ = {isa = PBXBuildFile; fileRef = D86EADA62AE043C900FB19B6 /* CustomTabBarControllerViewController.swift */; };
		D86EADA92AE0469400FB19B6 /* SettingsViewController.swift in Sources */ = {isa = PBXBuildFile; fileRef = D86EADA82AE0469400FB19B6 /* SettingsViewController.swift */; };
		D86EADAB2AE0475A00FB19B6 /* ProfileViewController.swift in Sources */ = {isa = PBXBuildFile; fileRef = D86EADAA2AE0475A00FB19B6 /* ProfileViewController.swift */; };
		D86EADAD2AE04D1700FB19B6 /* ColorExtansion.swift in Sources */ = {isa = PBXBuildFile; fileRef = D86EADAC2AE04D1700FB19B6 /* ColorExtansion.swift */; };
		E6F0B5A79917F100D937E0D1 /* Pods_PetFinder.framework in Frameworks */ = {isa = PBXBuildFile; fileRef = EE2ACC640625F2B1CC0E5B2C /* Pods_PetFinder.framework */; };
/* End PBXBuildFile section */

/* Begin PBXFileReference section */
		315C23E2AA7CC7CA463BE81C /* Pods-PetFinder.release.xcconfig */ = {isa = PBXFileReference; includeInIndex = 1; lastKnownFileType = text.xcconfig; name = "Pods-PetFinder.release.xcconfig"; path = "Target Support Files/Pods-PetFinder/Pods-PetFinder.release.xcconfig"; sourceTree = "<group>"; };
		5873E39C2ADB190200F51501 /* PetFinder.app */ = {isa = PBXFileReference; explicitFileType = wrapper.application; includeInIndex = 0; path = PetFinder.app; sourceTree = BUILT_PRODUCTS_DIR; };
		5873E39F2ADB190200F51501 /* AppDelegate.swift */ = {isa = PBXFileReference; lastKnownFileType = sourcecode.swift; path = AppDelegate.swift; sourceTree = "<group>"; };
		5873E3A12ADB190200F51501 /* SceneDelegate.swift */ = {isa = PBXFileReference; lastKnownFileType = sourcecode.swift; path = SceneDelegate.swift; sourceTree = "<group>"; };
		5873E3A82ADB190600F51501 /* Assets.xcassets */ = {isa = PBXFileReference; lastKnownFileType = folder.assetcatalog; path = Assets.xcassets; sourceTree = "<group>"; };
		5873E3AB2ADB190600F51501 /* Base */ = {isa = PBXFileReference; lastKnownFileType = file.storyboard; name = Base; path = Base.lproj/LaunchScreen.storyboard; sourceTree = "<group>"; };
		5873E3AD2ADB190600F51501 /* Info.plist */ = {isa = PBXFileReference; lastKnownFileType = text.plist.xml; path = Info.plist; sourceTree = "<group>"; };
		5873E3D72ADEEA7B00F51501 /* FontExtansion.swift */ = {isa = PBXFileReference; lastKnownFileType = sourcecode.swift; path = FontExtansion.swift; sourceTree = "<group>"; };
		BF7A263FFCB875A6E2D63AA6 /* Pods-PetFinder.debug.xcconfig */ = {isa = PBXFileReference; includeInIndex = 1; lastKnownFileType = text.xcconfig; name = "Pods-PetFinder.debug.xcconfig"; path = "Target Support Files/Pods-PetFinder/Pods-PetFinder.debug.xcconfig"; sourceTree = "<group>"; };
		D80C90A92ADEF3E200C9873C /* Montserrat-Regular.ttf */ = {isa = PBXFileReference; lastKnownFileType = file; path = "Montserrat-Regular.ttf"; sourceTree = "<group>"; };
		D80C90AA2ADEF3E200C9873C /* Montserrat-Medium.ttf */ = {isa = PBXFileReference; lastKnownFileType = file; path = "Montserrat-Medium.ttf"; sourceTree = "<group>"; };
		D80C90AC2ADEF3E200C9873C /* Montserrat-SemiBold.ttf */ = {isa = PBXFileReference; lastKnownFileType = file; path = "Montserrat-SemiBold.ttf"; sourceTree = "<group>"; };
		D80C90AD2ADEF3E200C9873C /* Montserrat-Light.ttf */ = {isa = PBXFileReference; lastKnownFileType = file; path = "Montserrat-Light.ttf"; sourceTree = "<group>"; };
		D80C90AE2ADEF3E200C9873C /* Montserrat-Bold.ttf */ = {isa = PBXFileReference; lastKnownFileType = file; path = "Montserrat-Bold.ttf"; sourceTree = "<group>"; };
		D80C90B62ADF01FF00C9873C /* ListMenuTableView.swift */ = {isa = PBXFileReference; lastKnownFileType = sourcecode.swift; path = ListMenuTableView.swift; sourceTree = "<group>"; };
		D80C90B92ADF024100C9873C /* ListMenuTableViewCell.swift */ = {isa = PBXFileReference; lastKnownFileType = sourcecode.swift; path = ListMenuTableViewCell.swift; sourceTree = "<group>"; };
		D84297932ADBDEB7006D6B06 /* SideMenuViewController.swift */ = {isa = PBXFileReference; fileEncoding = 4; lastKnownFileType = sourcecode.swift; path = SideMenuViewController.swift; sourceTree = "<group>"; };
		D84297952ADBF79B006D6B06 /* PositionSelectionViewController.swift */ = {isa = PBXFileReference; lastKnownFileType = sourcecode.swift; path = PositionSelectionViewController.swift; sourceTree = "<group>"; };
		D84297982ADC1E65006D6B06 /* Extansions.swift */ = {isa = PBXFileReference; lastKnownFileType = sourcecode.swift; path = Extansions.swift; sourceTree = "<group>"; };
		D842979E2ADC312A006D6B06 /* AnimalCollectionViewCell.swift */ = {isa = PBXFileReference; lastKnownFileType = sourcecode.swift; path = AnimalCollectionViewCell.swift; sourceTree = "<group>"; };
		D84297A12ADC31E3006D6B06 /* ListAnimansCollectionView.swift */ = {isa = PBXFileReference; lastKnownFileType = sourcecode.swift; path = ListAnimansCollectionView.swift; sourceTree = "<group>"; };
		D86EA8832ADBCAE900B8D961 /* Podfile */ = {isa = PBXFileReference; lastKnownFileType = text; path = Podfile; sourceTree = "<group>"; };
		D86EA8872ADBD10300B8D961 /* MainViewController.swift */ = {isa = PBXFileReference; lastKnownFileType = sourcecode.swift; path = MainViewController.swift; sourceTree = "<group>"; };
		D86EADA62AE043C900FB19B6 /* CustomTabBarControllerViewController.swift */ = {isa = PBXFileReference; lastKnownFileType = sourcecode.swift; path = CustomTabBarControllerViewController.swift; sourceTree = "<group>"; };
		D86EADA82AE0469400FB19B6 /* SettingsViewController.swift */ = {isa = PBXFileReference; lastKnownFileType = sourcecode.swift; path = SettingsViewController.swift; sourceTree = "<group>"; };
		D86EADAA2AE0475A00FB19B6 /* ProfileViewController.swift */ = {isa = PBXFileReference; lastKnownFileType = sourcecode.swift; path = ProfileViewController.swift; sourceTree = "<group>"; };
		D86EADAC2AE04D1700FB19B6 /* ColorExtansion.swift */ = {isa = PBXFileReference; lastKnownFileType = sourcecode.swift; path = ColorExtansion.swift; sourceTree = "<group>"; };
		EE2ACC640625F2B1CC0E5B2C /* Pods_PetFinder.framework */ = {isa = PBXFileReference; explicitFileType = wrapper.framework; includeInIndex = 0; path = Pods_PetFinder.framework; sourceTree = BUILT_PRODUCTS_DIR; };
/* End PBXFileReference section */

/* Begin PBXFrameworksBuildPhase section */
		5873E3992ADB190200F51501 /* Frameworks */ = {
			isa = PBXFrameworksBuildPhase;
			buildActionMask = 2147483647;
			files = (
				E6F0B5A79917F100D937E0D1 /* Pods_PetFinder.framework in Frameworks */,
			);
			runOnlyForDeploymentPostprocessing = 0;
		};
/* End PBXFrameworksBuildPhase section */

/* Begin PBXGroup section */
		0DC8EADCD5D8121BCC52759C /* Pods */ = {
			isa = PBXGroup;
			children = (
				BF7A263FFCB875A6E2D63AA6 /* Pods-PetFinder.debug.xcconfig */,
				315C23E2AA7CC7CA463BE81C /* Pods-PetFinder.release.xcconfig */,
			);
			path = Pods;
			sourceTree = "<group>";
		};
		1BBF51D90D95AEB88A31C386 /* Frameworks */ = {
			isa = PBXGroup;
			children = (
				EE2ACC640625F2B1CC0E5B2C /* Pods_PetFinder.framework */,
			);
			name = Frameworks;
			sourceTree = "<group>";
		};
		5873E3932ADB190200F51501 = {
			isa = PBXGroup;
			children = (
				D86EA8832ADBCAE900B8D961 /* Podfile */,
				5873E39E2ADB190200F51501 /* PetFinder */,
				5873E39D2ADB190200F51501 /* Products */,
				0DC8EADCD5D8121BCC52759C /* Pods */,
				1BBF51D90D95AEB88A31C386 /* Frameworks */,
			);
			sourceTree = "<group>";
		};
		5873E39D2ADB190200F51501 /* Products */ = {
			isa = PBXGroup;
			children = (
				5873E39C2ADB190200F51501 /* PetFinder.app */,
			);
			name = Products;
			sourceTree = "<group>";
		};
		5873E39E2ADB190200F51501 /* PetFinder */ = {
			isa = PBXGroup;
			children = (
				D8EE67E52ADDA52800C3673F /* Fonts */,
				D84297972ADC1E4F006D6B06 /* Help */,
				D86EA8852ADBD09400B8D961 /* View */,
				D86EA8822ADBCA8E00B8D961 /* Del */,
				5873E3A82ADB190600F51501 /* Assets.xcassets */,
				5873E3AA2ADB190600F51501 /* LaunchScreen.storyboard */,
				5873E3AD2ADB190600F51501 /* Info.plist */,
			);
			path = PetFinder;
			sourceTree = "<group>";
		};
		D80C90B52ADEFF9400C9873C /* TableViews */ = {
			isa = PBXGroup;
			children = (
				D80C90B62ADF01FF00C9873C /* ListMenuTableView.swift */,
			);
			path = TableViews;
			sourceTree = "<group>";
		};
		D84297972ADC1E4F006D6B06 /* Help */ = {
			isa = PBXGroup;
			children = (
				D84297982ADC1E65006D6B06 /* Extansions.swift */,
				5873E3D72ADEEA7B00F51501 /* FontExtansion.swift */,
				D86EADAC2AE04D1700FB19B6 /* ColorExtansion.swift */,
			);
			path = Help;
			sourceTree = "<group>";
		};
		D842979D2ADC3102006D6B06 /* Cells */ = {
			isa = PBXGroup;
			children = (
				D842979E2ADC312A006D6B06 /* AnimalCollectionViewCell.swift */,
				D80C90B92ADF024100C9873C /* ListMenuTableViewCell.swift */,
			);
			path = Cells;
			sourceTree = "<group>";
		};
		D84297A02ADC31B9006D6B06 /* CollectionViews */ = {
			isa = PBXGroup;
			children = (
				D84297A12ADC31E3006D6B06 /* ListAnimansCollectionView.swift */,
			);
			path = CollectionViews;
			sourceTree = "<group>";
		};
		D86EA8822ADBCA8E00B8D961 /* Del */ = {
			isa = PBXGroup;
			children = (
				5873E39F2ADB190200F51501 /* AppDelegate.swift */,
				5873E3A12ADB190200F51501 /* SceneDelegate.swift */,
			);
			path = Del;
			sourceTree = "<group>";
		};
		D86EA8852ADBD09400B8D961 /* View */ = {
			isa = PBXGroup;
			children = (
				D80C90B52ADEFF9400C9873C /* TableViews */,
				D84297A02ADC31B9006D6B06 /* CollectionViews */,
				D842979D2ADC3102006D6B06 /* Cells */,
				D86EA8862ADBD0A100B8D961 /* Controllers */,
			);
			path = View;
			sourceTree = "<group>";
		};
		D86EA8862ADBD0A100B8D961 /* Controllers */ = {
			isa = PBXGroup;
			children = (
				D84297932ADBDEB7006D6B06 /* SideMenuViewController.swift */,
				D86EA8872ADBD10300B8D961 /* MainViewController.swift */,
				D84297952ADBF79B006D6B06 /* PositionSelectionViewController.swift */,
				D86EADA62AE043C900FB19B6 /* CustomTabBarControllerViewController.swift */,
				D86EADA82AE0469400FB19B6 /* SettingsViewController.swift */,
				D86EADAA2AE0475A00FB19B6 /* ProfileViewController.swift */,
			);
			path = Controllers;
			sourceTree = "<group>";
		};
		D8EE67E52ADDA52800C3673F /* Fonts */ = {
			isa = PBXGroup;
			children = (
				D80C90AE2ADEF3E200C9873C /* Montserrat-Bold.ttf */,
				D80C90AD2ADEF3E200C9873C /* Montserrat-Light.ttf */,
				D80C90AA2ADEF3E200C9873C /* Montserrat-Medium.ttf */,
				D80C90A92ADEF3E200C9873C /* Montserrat-Regular.ttf */,
				D80C90AC2ADEF3E200C9873C /* Montserrat-SemiBold.ttf */,
			);
			path = Fonts;
			sourceTree = "<group>";
		};
/* End PBXGroup section */

/* Begin PBXNativeTarget section */
		5873E39B2ADB190200F51501 /* PetFinder */ = {
			isa = PBXNativeTarget;
			buildConfigurationList = 5873E3B02ADB190600F51501 /* Build configuration list for PBXNativeTarget "PetFinder" */;
			buildPhases = (
				86DC405528F70A805F5D3396 /* [CP] Check Pods Manifest.lock */,
				5873E3982ADB190200F51501 /* Sources */,
				5873E3992ADB190200F51501 /* Frameworks */,
				5873E39A2ADB190200F51501 /* Resources */,
				5FA8D8B421A01ECC531ECA9D /* [CP] Embed Pods Frameworks */,
			);
			buildRules = (
			);
			dependencies = (
			);
			name = PetFinder;
			productName = PetFinder;
			productReference = 5873E39C2ADB190200F51501 /* PetFinder.app */;
			productType = "com.apple.product-type.application";
		};
/* End PBXNativeTarget section */

/* Begin PBXProject section */
		5873E3942ADB190200F51501 /* Project object */ = {
			isa = PBXProject;
			attributes = {
				BuildIndependentTargetsInParallel = 1;
				LastSwiftUpdateCheck = 1420;
				LastUpgradeCheck = 1420;
				TargetAttributes = {
					5873E39B2ADB190200F51501 = {
						CreatedOnToolsVersion = 14.2;
					};
				};
			};
			buildConfigurationList = 5873E3972ADB190200F51501 /* Build configuration list for PBXProject "PetFinder" */;
			compatibilityVersion = "Xcode 13.0";
			developmentRegion = en;
			hasScannedForEncodings = 0;
			knownRegions = (
				en,
				Base,
			);
			mainGroup = 5873E3932ADB190200F51501;
			productRefGroup = 5873E39D2ADB190200F51501 /* Products */;
			projectDirPath = "";
			projectRoot = "";
			targets = (
				5873E39B2ADB190200F51501 /* PetFinder */,
			);
		};
/* End PBXProject section */

/* Begin PBXResourcesBuildPhase section */
		5873E39A2ADB190200F51501 /* Resources */ = {
			isa = PBXResourcesBuildPhase;
			buildActionMask = 2147483647;
			files = (
				D80C90B42ADEF3E200C9873C /* Montserrat-Bold.ttf in Resources */,
				D86EA8842ADBCAE900B8D961 /* Podfile in Resources */,
				5873E3AC2ADB190600F51501 /* LaunchScreen.storyboard in Resources */,
				D80C90B32ADEF3E200C9873C /* Montserrat-Light.ttf in Resources */,
				D80C90AF2ADEF3E200C9873C /* Montserrat-Regular.ttf in Resources */,
				D80C90B02ADEF3E200C9873C /* Montserrat-Medium.ttf in Resources */,
				D80C90B22ADEF3E200C9873C /* Montserrat-SemiBold.ttf in Resources */,
				5873E3A92ADB190600F51501 /* Assets.xcassets in Resources */,
			);
			runOnlyForDeploymentPostprocessing = 0;
		};
/* End PBXResourcesBuildPhase section */

/* Begin PBXShellScriptBuildPhase section */
		5FA8D8B421A01ECC531ECA9D /* [CP] Embed Pods Frameworks */ = {
			isa = PBXShellScriptBuildPhase;
			buildActionMask = 2147483647;
			files = (
			);
			inputFileListPaths = (
				"${PODS_ROOT}/Target Support Files/Pods-PetFinder/Pods-PetFinder-frameworks-${CONFIGURATION}-input-files.xcfilelist",
			);
			name = "[CP] Embed Pods Frameworks";
			outputFileListPaths = (
				"${PODS_ROOT}/Target Support Files/Pods-PetFinder/Pods-PetFinder-frameworks-${CONFIGURATION}-output-files.xcfilelist",
			);
			runOnlyForDeploymentPostprocessing = 0;
			shellPath = /bin/sh;
			shellScript = "\"${PODS_ROOT}/Target Support Files/Pods-PetFinder/Pods-PetFinder-frameworks.sh\"\n";
			showEnvVarsInLog = 0;
		};
		86DC405528F70A805F5D3396 /* [CP] Check Pods Manifest.lock */ = {
			isa = PBXShellScriptBuildPhase;
			buildActionMask = 2147483647;
			files = (
			);
			inputFileListPaths = (
			);
			inputPaths = (
				"${PODS_PODFILE_DIR_PATH}/Podfile.lock",
				"${PODS_ROOT}/Manifest.lock",
			);
			name = "[CP] Check Pods Manifest.lock";
			outputFileListPaths = (
			);
			outputPaths = (
				"$(DERIVED_FILE_DIR)/Pods-PetFinder-checkManifestLockResult.txt",
			);
			runOnlyForDeploymentPostprocessing = 0;
			shellPath = /bin/sh;
			shellScript = "diff \"${PODS_PODFILE_DIR_PATH}/Podfile.lock\" \"${PODS_ROOT}/Manifest.lock\" > /dev/null\nif [ $? != 0 ] ; then\n    # print error to STDERR\n    echo \"error: The sandbox is not in sync with the Podfile.lock. Run 'pod install' or update your CocoaPods installation.\" >&2\n    exit 1\nfi\n# This output is used by Xcode 'outputs' to avoid re-running this script phase.\necho \"SUCCESS\" > \"${SCRIPT_OUTPUT_FILE_0}\"\n";
			showEnvVarsInLog = 0;
		};
/* End PBXShellScriptBuildPhase section */

/* Begin PBXSourcesBuildPhase section */
		5873E3982ADB190200F51501 /* Sources */ = {
			isa = PBXSourcesBuildPhase;
			buildActionMask = 2147483647;
			files = (
				D84297942ADBDEB7006D6B06 /* SideMenuViewController.swift in Sources */,
				D84297992ADC1E65006D6B06 /* Extansions.swift in Sources */,
				D842979F2ADC312A006D6B06 /* AnimalCollectionViewCell.swift in Sources */,
				D86EA8882ADBD10300B8D961 /* MainViewController.swift in Sources */,
				D86EADAB2AE0475A00FB19B6 /* ProfileViewController.swift in Sources */,
				D80C90B72ADF01FF00C9873C /* ListMenuTableView.swift in Sources */,
				D86EADAD2AE04D1700FB19B6 /* ColorExtansion.swift in Sources */,
				5873E3D82ADEEA7B00F51501 /* FontExtansion.swift in Sources */,
				D84297A22ADC31E3006D6B06 /* ListAnimansCollectionView.swift in Sources */,
				D86EADA72AE043C900FB19B6 /* CustomTabBarControllerViewController.swift in Sources */,
				5873E3A02ADB190200F51501 /* AppDelegate.swift in Sources */,
				D80C90BA2ADF024100C9873C /* ListMenuTableViewCell.swift in Sources */,
				D86EADA92AE0469400FB19B6 /* SettingsViewController.swift in Sources */,
				D84297962ADBF79B006D6B06 /* PositionSelectionViewController.swift in Sources */,
				5873E3A22ADB190200F51501 /* SceneDelegate.swift in Sources */,
			);
			runOnlyForDeploymentPostprocessing = 0;
		};
/* End PBXSourcesBuildPhase section */

/* Begin PBXVariantGroup section */
		5873E3AA2ADB190600F51501 /* LaunchScreen.storyboard */ = {
			isa = PBXVariantGroup;
			children = (
				5873E3AB2ADB190600F51501 /* Base */,
			);
			name = LaunchScreen.storyboard;
			sourceTree = "<group>";
		};
/* End PBXVariantGroup section */

/* Begin XCBuildConfiguration section */
		5873E3AE2ADB190600F51501 /* Debug */ = {
			isa = XCBuildConfiguration;
			buildSettings = {
				ALWAYS_SEARCH_USER_PATHS = NO;
				CLANG_ANALYZER_NONNULL = YES;
				CLANG_ANALYZER_NUMBER_OBJECT_CONVERSION = YES_AGGRESSIVE;
				CLANG_CXX_LANGUAGE_STANDARD = "gnu++20";
				CLANG_ENABLE_MODULES = YES;
				CLANG_ENABLE_OBJC_ARC = YES;
				CLANG_ENABLE_OBJC_WEAK = YES;
				CLANG_WARN_BLOCK_CAPTURE_AUTORELEASING = YES;
				CLANG_WARN_BOOL_CONVERSION = YES;
				CLANG_WARN_COMMA = YES;
				CLANG_WARN_CONSTANT_CONVERSION = YES;
				CLANG_WARN_DEPRECATED_OBJC_IMPLEMENTATIONS = YES;
				CLANG_WARN_DIRECT_OBJC_ISA_USAGE = YES_ERROR;
				CLANG_WARN_DOCUMENTATION_COMMENTS = YES;
				CLANG_WARN_EMPTY_BODY = YES;
				CLANG_WARN_ENUM_CONVERSION = YES;
				CLANG_WARN_INFINITE_RECURSION = YES;
				CLANG_WARN_INT_CONVERSION = YES;
				CLANG_WARN_NON_LITERAL_NULL_CONVERSION = YES;
				CLANG_WARN_OBJC_IMPLICIT_RETAIN_SELF = YES;
				CLANG_WARN_OBJC_LITERAL_CONVERSION = YES;
				CLANG_WARN_OBJC_ROOT_CLASS = YES_ERROR;
				CLANG_WARN_QUOTED_INCLUDE_IN_FRAMEWORK_HEADER = YES;
				CLANG_WARN_RANGE_LOOP_ANALYSIS = YES;
				CLANG_WARN_STRICT_PROTOTYPES = YES;
				CLANG_WARN_SUSPICIOUS_MOVE = YES;
				CLANG_WARN_UNGUARDED_AVAILABILITY = YES_AGGRESSIVE;
				CLANG_WARN_UNREACHABLE_CODE = YES;
				CLANG_WARN__DUPLICATE_METHOD_MATCH = YES;
				COPY_PHASE_STRIP = NO;
				DEBUG_INFORMATION_FORMAT = dwarf;
				ENABLE_STRICT_OBJC_MSGSEND = YES;
				ENABLE_TESTABILITY = YES;
				GCC_C_LANGUAGE_STANDARD = gnu11;
				GCC_DYNAMIC_NO_PIC = NO;
				GCC_NO_COMMON_BLOCKS = YES;
				GCC_OPTIMIZATION_LEVEL = 0;
				GCC_PREPROCESSOR_DEFINITIONS = (
					"DEBUG=1",
					"$(inherited)",
				);
				GCC_WARN_64_TO_32_BIT_CONVERSION = YES;
				GCC_WARN_ABOUT_RETURN_TYPE = YES_ERROR;
				GCC_WARN_UNDECLARED_SELECTOR = YES;
				GCC_WARN_UNINITIALIZED_AUTOS = YES_AGGRESSIVE;
				GCC_WARN_UNUSED_FUNCTION = YES;
				GCC_WARN_UNUSED_VARIABLE = YES;
				IPHONEOS_DEPLOYMENT_TARGET = 15.5;
				MTL_ENABLE_DEBUG_INFO = INCLUDE_SOURCE;
				MTL_FAST_MATH = YES;
				ONLY_ACTIVE_ARCH = YES;
				SDKROOT = iphoneos;
				SWIFT_ACTIVE_COMPILATION_CONDITIONS = DEBUG;
				SWIFT_OPTIMIZATION_LEVEL = "-Onone";
			};
			name = Debug;
		};
		5873E3AF2ADB190600F51501 /* Release */ = {
			isa = XCBuildConfiguration;
			buildSettings = {
				ALWAYS_SEARCH_USER_PATHS = NO;
				CLANG_ANALYZER_NONNULL = YES;
				CLANG_ANALYZER_NUMBER_OBJECT_CONVERSION = YES_AGGRESSIVE;
				CLANG_CXX_LANGUAGE_STANDARD = "gnu++20";
				CLANG_ENABLE_MODULES = YES;
				CLANG_ENABLE_OBJC_ARC = YES;
				CLANG_ENABLE_OBJC_WEAK = YES;
				CLANG_WARN_BLOCK_CAPTURE_AUTORELEASING = YES;
				CLANG_WARN_BOOL_CONVERSION = YES;
				CLANG_WARN_COMMA = YES;
				CLANG_WARN_CONSTANT_CONVERSION = YES;
				CLANG_WARN_DEPRECATED_OBJC_IMPLEMENTATIONS = YES;
				CLANG_WARN_DIRECT_OBJC_ISA_USAGE = YES_ERROR;
				CLANG_WARN_DOCUMENTATION_COMMENTS = YES;
				CLANG_WARN_EMPTY_BODY = YES;
				CLANG_WARN_ENUM_CONVERSION = YES;
				CLANG_WARN_INFINITE_RECURSION = YES;
				CLANG_WARN_INT_CONVERSION = YES;
				CLANG_WARN_NON_LITERAL_NULL_CONVERSION = YES;
				CLANG_WARN_OBJC_IMPLICIT_RETAIN_SELF = YES;
				CLANG_WARN_OBJC_LITERAL_CONVERSION = YES;
				CLANG_WARN_OBJC_ROOT_CLASS = YES_ERROR;
				CLANG_WARN_QUOTED_INCLUDE_IN_FRAMEWORK_HEADER = YES;
				CLANG_WARN_RANGE_LOOP_ANALYSIS = YES;
				CLANG_WARN_STRICT_PROTOTYPES = YES;
				CLANG_WARN_SUSPICIOUS_MOVE = YES;
				CLANG_WARN_UNGUARDED_AVAILABILITY = YES_AGGRESSIVE;
				CLANG_WARN_UNREACHABLE_CODE = YES;
				CLANG_WARN__DUPLICATE_METHOD_MATCH = YES;
				COPY_PHASE_STRIP = NO;
				DEBUG_INFORMATION_FORMAT = "dwarf-with-dsym";
				ENABLE_NS_ASSERTIONS = NO;
				ENABLE_STRICT_OBJC_MSGSEND = YES;
				GCC_C_LANGUAGE_STANDARD = gnu11;
				GCC_NO_COMMON_BLOCKS = YES;
				GCC_WARN_64_TO_32_BIT_CONVERSION = YES;
				GCC_WARN_ABOUT_RETURN_TYPE = YES_ERROR;
				GCC_WARN_UNDECLARED_SELECTOR = YES;
				GCC_WARN_UNINITIALIZED_AUTOS = YES_AGGRESSIVE;
				GCC_WARN_UNUSED_FUNCTION = YES;
				GCC_WARN_UNUSED_VARIABLE = YES;
				IPHONEOS_DEPLOYMENT_TARGET = 15.5;
				MTL_ENABLE_DEBUG_INFO = NO;
				MTL_FAST_MATH = YES;
				SDKROOT = iphoneos;
				SWIFT_COMPILATION_MODE = wholemodule;
				SWIFT_OPTIMIZATION_LEVEL = "-O";
				VALIDATE_PRODUCT = YES;
			};
			name = Release;
		};
		5873E3B12ADB190600F51501 /* Debug */ = {
			isa = XCBuildConfiguration;
			baseConfigurationReference = BF7A263FFCB875A6E2D63AA6 /* Pods-PetFinder.debug.xcconfig */;
			buildSettings = {
				ASSETCATALOG_COMPILER_APPICON_NAME = AppIcon;
				ASSETCATALOG_COMPILER_GLOBAL_ACCENT_COLOR_NAME = AccentColor;
				CODE_SIGN_STYLE = Automatic;
				CURRENT_PROJECT_VERSION = 1;
				DEVELOPMENT_TEAM = 285RFT4HL7;
				GENERATE_INFOPLIST_FILE = YES;
				INFOPLIST_FILE = PetFinder/Info.plist;
				INFOPLIST_KEY_UIApplicationSupportsIndirectInputEvents = YES;
				INFOPLIST_KEY_UILaunchStoryboardName = LaunchScreen;
				INFOPLIST_KEY_UISupportedInterfaceOrientations_iPad = "UIInterfaceOrientationPortrait UIInterfaceOrientationPortraitUpsideDown UIInterfaceOrientationLandscapeLeft UIInterfaceOrientationLandscapeRight";
				INFOPLIST_KEY_UISupportedInterfaceOrientations_iPhone = "UIInterfaceOrientationPortrait UIInterfaceOrientationLandscapeLeft UIInterfaceOrientationLandscapeRight";
				LD_RUNPATH_SEARCH_PATHS = (
					"$(inherited)",
					"@executable_path/Frameworks",
				);
				MARKETING_VERSION = 1.0;
				PRODUCT_BUNDLE_IDENTIFIER = develop.PetFinder;
				PRODUCT_NAME = "$(TARGET_NAME)";
				SUPPORTED_PLATFORMS = "iphoneos iphonesimulator";
				SUPPORTS_MACCATALYST = NO;
				SUPPORTS_MAC_DESIGNED_FOR_IPHONE_IPAD = NO;
				SWIFT_EMIT_LOC_STRINGS = YES;
				SWIFT_VERSION = 5.0;
				TARGETED_DEVICE_FAMILY = 1;
			};
			name = Debug;
		};
		5873E3B22ADB190600F51501 /* Release */ = {
			isa = XCBuildConfiguration;
			baseConfigurationReference = 315C23E2AA7CC7CA463BE81C /* Pods-PetFinder.release.xcconfig */;
			buildSettings = {
				ASSETCATALOG_COMPILER_APPICON_NAME = AppIcon;
				ASSETCATALOG_COMPILER_GLOBAL_ACCENT_COLOR_NAME = AccentColor;
				CODE_SIGN_STYLE = Automatic;
				CURRENT_PROJECT_VERSION = 1;
				DEVELOPMENT_TEAM = 285RFT4HL7;
				GENERATE_INFOPLIST_FILE = YES;
				INFOPLIST_FILE = PetFinder/Info.plist;
				INFOPLIST_KEY_UIApplicationSupportsIndirectInputEvents = YES;
				INFOPLIST_KEY_UILaunchStoryboardName = LaunchScreen;
				INFOPLIST_KEY_UISupportedInterfaceOrientations_iPad = "UIInterfaceOrientationPortrait UIInterfaceOrientationPortraitUpsideDown UIInterfaceOrientationLandscapeLeft UIInterfaceOrientationLandscapeRight";
				INFOPLIST_KEY_UISupportedInterfaceOrientations_iPhone = "UIInterfaceOrientationPortrait UIInterfaceOrientationLandscapeLeft UIInterfaceOrientationLandscapeRight";
				LD_RUNPATH_SEARCH_PATHS = (
					"$(inherited)",
					"@executable_path/Frameworks",
				);
				MARKETING_VERSION = 1.0;
				PRODUCT_BUNDLE_IDENTIFIER = develop.PetFinder;
				PRODUCT_NAME = "$(TARGET_NAME)";
				SUPPORTED_PLATFORMS = "iphoneos iphonesimulator";
				SUPPORTS_MACCATALYST = NO;
				SUPPORTS_MAC_DESIGNED_FOR_IPHONE_IPAD = NO;
				SWIFT_EMIT_LOC_STRINGS = YES;
				SWIFT_VERSION = 5.0;
				TARGETED_DEVICE_FAMILY = 1;
			};
			name = Release;
		};
/* End XCBuildConfiguration section */

/* Begin XCConfigurationList section */
		5873E3972ADB190200F51501 /* Build configuration list for PBXProject "PetFinder" */ = {
			isa = XCConfigurationList;
			buildConfigurations = (
				5873E3AE2ADB190600F51501 /* Debug */,
				5873E3AF2ADB190600F51501 /* Release */,
			);
			defaultConfigurationIsVisible = 0;
			defaultConfigurationName = Release;
		};
		5873E3B02ADB190600F51501 /* Build configuration list for PBXNativeTarget "PetFinder" */ = {
			isa = XCConfigurationList;
			buildConfigurations = (
				5873E3B12ADB190600F51501 /* Debug */,
				5873E3B22ADB190600F51501 /* Release */,
			);
			defaultConfigurationIsVisible = 0;
			defaultConfigurationName = Release;
		};
/* End XCConfigurationList section */
	};
	rootObject = 5873E3942ADB190200F51501 /* Project object */;
}
